
Microsoft Visual Studio Solution File, Format Version 12.00
# Visual Studio Version 17
VisualStudioVersion = 17.4.33103.184
MinimumVisualStudioVersion = 10.0.40219.1
Project("{FAE04EC0-301F-11D3-BF4B-00C04F79EFBC}") = "ConsultaCatalogoStreaming", "ConsultaCatalogoStreaming.csproj", "{24B1484B-BD79-4267-9FC8-83C1B9344FBD}"
EndProject
Global
	GlobalSection(SolutionConfigurationPlatforms) = preSolution
		Debug|Any CPU = Debug|Any CPU
		Release|Any CPU = Release|Any CPU
	EndGlobalSection
	GlobalSection(ProjectConfigurationPlatforms) = postSolution
		{24B1484B-BD79-4267-9FC8-83C1B9344FBD}.Debug|Any CPU.ActiveCfg = Debug|Any CPU
		{24B1484B-BD79-4267-9FC8-83C1B9344FBD}.Debug|Any CPU.Build.0 = Debug|Any CPU
		{24B1484B-BD79-4267-9FC8-83C1B9344FBD}.Release|Any CPU.ActiveCfg = Release|Any CPU
		{24B1484B-BD79-4267-9FC8-83C1B9344FBD}.Release|Any CPU.Build.0 = Release|Any CPU
	EndGlobalSection
	GlobalSection(SolutionProperties) = preSolution
		HideSolutionNode = FALSE
	EndGlobalSection
	GlobalSection(ExtensibilityGlobals) = postSolution
		SolutionGuid = {4BEC3CD3-F7A2-4E6F-8D25-BE228E96CABD}
	EndGlobalSection
EndGlobal
